// !$*UTF8*$!
{
	archiveVersion = 1;
	classes = {
	};
	objectVersion = 46;
	objects = {

/* Begin PBXContainerItemProxy section */
		B55D57111F44EC3F005A0E56 /* PBXContainerItemProxy */ = {
			isa = PBXContainerItemProxy;
			containerPortal = B55D56BD1F44EC3F005A0E56 /* AWSiOSSDKv2.xcodeproj */;
			proxyType = 2;
			remoteGlobalIDString = CE0D416D1C6A66E5006B91B5;
			remoteInfo = AWSCore;
		};
		B55D57171F44EC3F005A0E56 /* PBXContainerItemProxy */ = {
			isa = PBXContainerItemProxy;
			containerPortal = B55D56BD1F44EC3F005A0E56 /* AWSiOSSDKv2.xcodeproj */;
			proxyType = 2;
			remoteGlobalIDString = CE9DEB1E1C6A81160060793F;
			remoteInfo = AWSAPIGateway;
		};
		B55D57291F44EC3F005A0E56 /* PBXContainerItemProxy */ = {
			isa = PBXContainerItemProxy;
			containerPortal = B55D56BD1F44EC3F005A0E56 /* AWSiOSSDKv2.xcodeproj */;
			proxyType = 2;
			remoteGlobalIDString = CE9DEABD1C6A7FDF0060793F;
			remoteInfo = AWSCognito;
		};
/* End PBXContainerItemProxy section */

/* Begin PBXFileReference section */
		1708BF0D21C31AB200B2DA8C /* AWSMobileOptions.swift */ = {isa = PBXFileReference; lastKnownFileType = sourcecode.swift; path = AWSMobileOptions.swift; sourceTree = "<group>"; };
		170AD35221921764004E1E88 /* AWSMobileClient.h */ = {isa = PBXFileReference; lastKnownFileType = sourcecode.c.h; path = AWSMobileClient.h; sourceTree = "<group>"; };
		1711A4B91F43A461006105D3 /* AWSUserPoolsUIOperations.h */ = {isa = PBXFileReference; fileEncoding = 4; lastKnownFileType = sourcecode.c.h; path = AWSUserPoolsUIOperations.h; sourceTree = "<group>"; };
		1711A4BA1F43A461006105D3 /* AWSUserPoolsUIOperations.m */ = {isa = PBXFileReference; fileEncoding = 4; lastKnownFileType = sourcecode.c.objc; path = AWSUserPoolsUIOperations.m; sourceTree = "<group>"; };
		1711A4BC1F43A461006105D3 /* AWSFormTableCell.h */ = {isa = PBXFileReference; fileEncoding = 4; lastKnownFileType = sourcecode.c.h; path = AWSFormTableCell.h; sourceTree = "<group>"; };
		1711A4BD1F43A461006105D3 /* AWSFormTableCell.m */ = {isa = PBXFileReference; fileEncoding = 4; lastKnownFileType = sourcecode.c.objc; path = AWSFormTableCell.m; sourceTree = "<group>"; };
		1711A4BE1F43A461006105D3 /* AWSFormTableDelegate.h */ = {isa = PBXFileReference; fileEncoding = 4; lastKnownFileType = sourcecode.c.h; path = AWSFormTableDelegate.h; sourceTree = "<group>"; };
		1711A4BF1F43A461006105D3 /* AWSFormTableDelegate.m */ = {isa = PBXFileReference; fileEncoding = 4; lastKnownFileType = sourcecode.c.objc; path = AWSFormTableDelegate.m; sourceTree = "<group>"; };
		1711A4C01F43A461006105D3 /* AWSTableInputCell.h */ = {isa = PBXFileReference; fileEncoding = 4; lastKnownFileType = sourcecode.c.h; path = AWSTableInputCell.h; sourceTree = "<group>"; };
		1711A4C11F43A461006105D3 /* AWSTableInputCell.m */ = {isa = PBXFileReference; fileEncoding = 4; lastKnownFileType = sourcecode.c.objc; path = AWSTableInputCell.m; sourceTree = "<group>"; };
		1711A4C21F43A461006105D3 /* AWSUserPoolForgotPasswordViewController.h */ = {isa = PBXFileReference; fileEncoding = 4; lastKnownFileType = sourcecode.c.h; path = AWSUserPoolForgotPasswordViewController.h; sourceTree = "<group>"; };
		1711A4C31F43A461006105D3 /* AWSUserPoolForgotPasswordViewController.m */ = {isa = PBXFileReference; fileEncoding = 4; lastKnownFileType = sourcecode.c.objc; path = AWSUserPoolForgotPasswordViewController.m; sourceTree = "<group>"; };
		1711A4C41F43A461006105D3 /* AWSUserPoolMFAViewController.h */ = {isa = PBXFileReference; fileEncoding = 4; lastKnownFileType = sourcecode.c.h; path = AWSUserPoolMFAViewController.h; sourceTree = "<group>"; };
		1711A4C51F43A461006105D3 /* AWSUserPoolMFAViewController.m */ = {isa = PBXFileReference; fileEncoding = 4; lastKnownFileType = sourcecode.c.objc; path = AWSUserPoolMFAViewController.m; sourceTree = "<group>"; };
		1711A4C61F43A461006105D3 /* AWSUserPools.storyboard */ = {isa = PBXFileReference; fileEncoding = 4; lastKnownFileType = file.storyboard; path = AWSUserPools.storyboard; sourceTree = "<group>"; };
		1711A4C91F43A461006105D3 /* AWSUserPoolSignUpViewController.h */ = {isa = PBXFileReference; fileEncoding = 4; lastKnownFileType = sourcecode.c.h; path = AWSUserPoolSignUpViewController.h; sourceTree = "<group>"; };
		1711A4CA1F43A461006105D3 /* AWSUserPoolSignUpViewController.m */ = {isa = PBXFileReference; fileEncoding = 4; lastKnownFileType = sourcecode.c.objc; path = AWSUserPoolSignUpViewController.m; sourceTree = "<group>"; };
		1711A4F31F43D701006105D3 /* AWSUIConfiguration.h */ = {isa = PBXFileReference; fileEncoding = 4; lastKnownFileType = sourcecode.c.h; path = AWSUIConfiguration.h; sourceTree = "<group>"; };
		1744D05A21FFD84E00A81008 /* DeviceOperations.swift */ = {isa = PBXFileReference; lastKnownFileType = sourcecode.swift; path = DeviceOperations.swift; sourceTree = "<group>"; };
		1750D00A1F2D4DFA006D915E /* Info.plist */ = {isa = PBXFileReference; lastKnownFileType = text.plist.xml; path = Info.plist; sourceTree = "<group>"; };
		1750D00F1F2D4E23006D915E /* AWSCognitoUserPoolsSignInProvider.h */ = {isa = PBXFileReference; fileEncoding = 4; lastKnownFileType = sourcecode.c.h; path = AWSCognitoUserPoolsSignInProvider.h; sourceTree = "<group>"; };
		1750D0101F2D4E23006D915E /* AWSCognitoUserPoolsSignInProvider.m */ = {isa = PBXFileReference; fileEncoding = 4; lastKnownFileType = sourcecode.c.objc; path = AWSCognitoUserPoolsSignInProvider.m; sourceTree = "<group>"; };
		176375041F3287580086588B /* Foundation.framework */ = {isa = PBXFileReference; lastKnownFileType = wrapper.framework; name = Foundation.framework; path = System/Library/Frameworks/Foundation.framework; sourceTree = SDKROOT; };
		177B8AD721E52C720051068F /* AWSCognitoAuth.m */ = {isa = PBXFileReference; fileEncoding = 4; lastKnownFileType = sourcecode.c.objc; name = AWSCognitoAuth.m; path = ../../../../AWSCognitoAuth/AWSCognitoAuth.m; sourceTree = "<group>"; };
		177B8AD821E52C730051068F /* AWSCognitoAuthUICKeyChainStore.m */ = {isa = PBXFileReference; fileEncoding = 4; lastKnownFileType = sourcecode.c.objc; name = AWSCognitoAuthUICKeyChainStore.m; path = ../../../../AWSCognitoAuth/Internal/UICKeyChainStore/AWSCognitoAuthUICKeyChainStore.m; sourceTree = "<group>"; };
		177B8AD921E52C730051068F /* AWSCognitoAuth_Internal.h */ = {isa = PBXFileReference; fileEncoding = 4; lastKnownFileType = sourcecode.c.h; name = AWSCognitoAuth_Internal.h; path = ../../../../AWSCognitoAuth/Internal/AWSCognitoAuth_Internal.h; sourceTree = "<group>"; };
		177B8ADA21E52C730051068F /* AWSCognitoAuth.h */ = {isa = PBXFileReference; fileEncoding = 4; lastKnownFileType = sourcecode.c.h; name = AWSCognitoAuth.h; path = ../../../../AWSCognitoAuth/AWSCognitoAuth.h; sourceTree = "<group>"; };
		177B8ADB21E52C730051068F /* AWSCognitoAuthUICKeyChainStore.h */ = {isa = PBXFileReference; fileEncoding = 4; lastKnownFileType = sourcecode.c.h; name = AWSCognitoAuthUICKeyChainStore.h; path = ../../../../AWSCognitoAuth/Internal/UICKeyChainStore/AWSCognitoAuthUICKeyChainStore.h; sourceTree = "<group>"; };
		177B8AE821E81B7D0051068F /* AWSAuthSDKTestAppUITests.swift */ = {isa = PBXFileReference; lastKnownFileType = sourcecode.swift; path = AWSAuthSDKTestAppUITests.swift; sourceTree = "<group>"; };
		177B8AEA21E81B7D0051068F /* Info.plist */ = {isa = PBXFileReference; lastKnownFileType = text.plist.xml; path = Info.plist; sourceTree = "<group>"; };
		1786CA371F2BED3C003421FF /* Info.plist */ = {isa = PBXFileReference; lastKnownFileType = text.plist.xml; path = Info.plist; sourceTree = "<group>"; };
		1786CA431F2BED46003421FF /* AWSFacebookSignIn.h */ = {isa = PBXFileReference; lastKnownFileType = sourcecode.c.h; path = AWSFacebookSignIn.h; sourceTree = "<group>"; };
		1786CA441F2BED46003421FF /* Info.plist */ = {isa = PBXFileReference; lastKnownFileType = text.plist.xml; path = Info.plist; sourceTree = "<group>"; };
		1786CA491F2BEDB8003421FF /* AWSGoogleSignInButton.h */ = {isa = PBXFileReference; fileEncoding = 4; lastKnownFileType = sourcecode.c.h; path = AWSGoogleSignInButton.h; sourceTree = "<group>"; };
		1786CA4A1F2BEDB8003421FF /* AWSGoogleSignInButton.m */ = {isa = PBXFileReference; fileEncoding = 4; lastKnownFileType = sourcecode.c.objc; path = AWSGoogleSignInButton.m; sourceTree = "<group>"; };
		1786CA4B1F2BEDB8003421FF /* AWSGoogleSignInProvider.h */ = {isa = PBXFileReference; fileEncoding = 4; lastKnownFileType = sourcecode.c.h; path = AWSGoogleSignInProvider.h; sourceTree = "<group>"; };
		1786CA4C1F2BEDB8003421FF /* AWSGoogleSignInProvider.m */ = {isa = PBXFileReference; fileEncoding = 4; lastKnownFileType = sourcecode.c.objc; path = AWSGoogleSignInProvider.m; sourceTree = "<group>"; };
		1786CA4D1F2BEDB8003421FF /* Images.xcassets */ = {isa = PBXFileReference; lastKnownFileType = folder.assetcatalog; path = Images.xcassets; sourceTree = "<group>"; };
		1786CA531F2BEDDD003421FF /* AWSFacebookSignInButton.h */ = {isa = PBXFileReference; fileEncoding = 4; lastKnownFileType = sourcecode.c.h; path = AWSFacebookSignInButton.h; sourceTree = "<group>"; };
		1786CA541F2BEDDD003421FF /* AWSFacebookSignInButton.m */ = {isa = PBXFileReference; fileEncoding = 4; lastKnownFileType = sourcecode.c.objc; path = AWSFacebookSignInButton.m; sourceTree = "<group>"; };
		1786CA551F2BEDDD003421FF /* AWSFacebookSignInProvider.h */ = {isa = PBXFileReference; fileEncoding = 4; lastKnownFileType = sourcecode.c.h; path = AWSFacebookSignInProvider.h; sourceTree = "<group>"; };
		1786CA561F2BEDDD003421FF /* AWSFacebookSignInProvider.m */ = {isa = PBXFileReference; fileEncoding = 4; lastKnownFileType = sourcecode.c.objc; path = AWSFacebookSignInProvider.m; sourceTree = "<group>"; };
		1786CA571F2BEDDD003421FF /* Images.xcassets */ = {isa = PBXFileReference; lastKnownFileType = folder.assetcatalog; path = Images.xcassets; sourceTree = "<group>"; };
		179E0AD021656F3200E1F877 /* AWSMobileClientExtensions.swift */ = {isa = PBXFileReference; lastKnownFileType = sourcecode.swift; path = AWSMobileClientExtensions.swift; sourceTree = "<group>"; wrapsLines = 0; };
		17B5A0E61F31A6B000857676 /* FBSDKAccessToken.h */ = {isa = PBXFileReference; fileEncoding = 4; lastKnownFileType = sourcecode.c.h; path = FBSDKAccessToken.h; sourceTree = "<group>"; };
		17B5A0E71F31A6B000857676 /* FBSDKAppEvents.h */ = {isa = PBXFileReference; fileEncoding = 4; lastKnownFileType = sourcecode.c.h; path = FBSDKAppEvents.h; sourceTree = "<group>"; };
		17B5A0E81F31A6B000857676 /* FBSDKApplicationDelegate.h */ = {isa = PBXFileReference; fileEncoding = 4; lastKnownFileType = sourcecode.c.h; path = FBSDKApplicationDelegate.h; sourceTree = "<group>"; };
		17B5A0E91F31A6B000857676 /* FBSDKAppLinkResolver.h */ = {isa = PBXFileReference; fileEncoding = 4; lastKnownFileType = sourcecode.c.h; path = FBSDKAppLinkResolver.h; sourceTree = "<group>"; };
		17B5A0EA1F31A6B000857676 /* FBSDKAppLinkUtility.h */ = {isa = PBXFileReference; fileEncoding = 4; lastKnownFileType = sourcecode.c.h; path = FBSDKAppLinkUtility.h; sourceTree = "<group>"; };
		17B5A0EB1F31A6B000857676 /* FBSDKButton.h */ = {isa = PBXFileReference; fileEncoding = 4; lastKnownFileType = sourcecode.c.h; path = FBSDKButton.h; sourceTree = "<group>"; };
		17B5A0EC1F31A6B000857676 /* FBSDKConstants.h */ = {isa = PBXFileReference; fileEncoding = 4; lastKnownFileType = sourcecode.c.h; path = FBSDKConstants.h; sourceTree = "<group>"; };
		17B5A0ED1F31A6B000857676 /* FBSDKCopying.h */ = {isa = PBXFileReference; fileEncoding = 4; lastKnownFileType = sourcecode.c.h; path = FBSDKCopying.h; sourceTree = "<group>"; };
		17B5A0EE1F31A6B000857676 /* FBSDKCoreKit.h */ = {isa = PBXFileReference; fileEncoding = 4; lastKnownFileType = sourcecode.c.h; path = FBSDKCoreKit.h; sourceTree = "<group>"; };
		17B5A0EF1F31A6B000857676 /* FBSDKGraphErrorRecoveryProcessor.h */ = {isa = PBXFileReference; fileEncoding = 4; lastKnownFileType = sourcecode.c.h; path = FBSDKGraphErrorRecoveryProcessor.h; sourceTree = "<group>"; };
		17B5A0F01F31A6B000857676 /* FBSDKGraphRequest.h */ = {isa = PBXFileReference; fileEncoding = 4; lastKnownFileType = sourcecode.c.h; path = FBSDKGraphRequest.h; sourceTree = "<group>"; };
		17B5A0F11F31A6B000857676 /* FBSDKGraphRequestConnection.h */ = {isa = PBXFileReference; fileEncoding = 4; lastKnownFileType = sourcecode.c.h; path = FBSDKGraphRequestConnection.h; sourceTree = "<group>"; };
		17B5A0F21F31A6B000857676 /* FBSDKGraphRequestDataAttachment.h */ = {isa = PBXFileReference; fileEncoding = 4; lastKnownFileType = sourcecode.c.h; path = FBSDKGraphRequestDataAttachment.h; sourceTree = "<group>"; };
		17B5A0F31F31A6B000857676 /* FBSDKLoginButton.h */ = {isa = PBXFileReference; fileEncoding = 4; lastKnownFileType = sourcecode.c.h; path = FBSDKLoginButton.h; sourceTree = "<group>"; };
		17B5A0F41F31A6B000857676 /* FBSDKLoginConstants.h */ = {isa = PBXFileReference; fileEncoding = 4; lastKnownFileType = sourcecode.c.h; path = FBSDKLoginConstants.h; sourceTree = "<group>"; };
		17B5A0F51F31A6B000857676 /* FBSDKLoginKit.h */ = {isa = PBXFileReference; fileEncoding = 4; lastKnownFileType = sourcecode.c.h; path = FBSDKLoginKit.h; sourceTree = "<group>"; };
		17B5A0F61F31A6B000857676 /* FBSDKLoginManager.h */ = {isa = PBXFileReference; fileEncoding = 4; lastKnownFileType = sourcecode.c.h; path = FBSDKLoginManager.h; sourceTree = "<group>"; };
		17B5A0F71F31A6B000857676 /* FBSDKLoginManagerLoginResult.h */ = {isa = PBXFileReference; fileEncoding = 4; lastKnownFileType = sourcecode.c.h; path = FBSDKLoginManagerLoginResult.h; sourceTree = "<group>"; };
		17B5A0F81F31A6B000857676 /* FBSDKLoginTooltipView.h */ = {isa = PBXFileReference; fileEncoding = 4; lastKnownFileType = sourcecode.c.h; path = FBSDKLoginTooltipView.h; sourceTree = "<group>"; };
		17B5A0FA1F31A6B000857676 /* FBSDKMutableCopying.h */ = {isa = PBXFileReference; fileEncoding = 4; lastKnownFileType = sourcecode.c.h; path = FBSDKMutableCopying.h; sourceTree = "<group>"; };
		17B5A0FB1F31A6B000857676 /* FBSDKProfile.h */ = {isa = PBXFileReference; fileEncoding = 4; lastKnownFileType = sourcecode.c.h; path = FBSDKProfile.h; sourceTree = "<group>"; };
		17B5A0FC1F31A6B000857676 /* FBSDKProfilePictureView.h */ = {isa = PBXFileReference; fileEncoding = 4; lastKnownFileType = sourcecode.c.h; path = FBSDKProfilePictureView.h; sourceTree = "<group>"; };
		17B5A0FD1F31A6B000857676 /* FBSDKSettings.h */ = {isa = PBXFileReference; fileEncoding = 4; lastKnownFileType = sourcecode.c.h; path = FBSDKSettings.h; sourceTree = "<group>"; };
		17B5A0FE1F31A6B000857676 /* FBSDKTestUsersManager.h */ = {isa = PBXFileReference; fileEncoding = 4; lastKnownFileType = sourcecode.c.h; path = FBSDKTestUsersManager.h; sourceTree = "<group>"; };
		17B5A0FF1F31A6B000857676 /* FBSDKTooltipView.h */ = {isa = PBXFileReference; fileEncoding = 4; lastKnownFileType = sourcecode.c.h; path = FBSDKTooltipView.h; sourceTree = "<group>"; };
		17B5A1001F31A6B000857676 /* FBSDKUtility.h */ = {isa = PBXFileReference; fileEncoding = 4; lastKnownFileType = sourcecode.c.h; path = FBSDKUtility.h; sourceTree = "<group>"; };
		17B5A1021F31A6B000857676 /* GIDAuthentication.h */ = {isa = PBXFileReference; fileEncoding = 4; lastKnownFileType = sourcecode.c.h; path = GIDAuthentication.h; sourceTree = "<group>"; };
		17B5A1031F31A6B000857676 /* GIDGoogleUser.h */ = {isa = PBXFileReference; fileEncoding = 4; lastKnownFileType = sourcecode.c.h; path = GIDGoogleUser.h; sourceTree = "<group>"; };
		17B5A1041F31A6B000857676 /* GIDProfileData.h */ = {isa = PBXFileReference; fileEncoding = 4; lastKnownFileType = sourcecode.c.h; path = GIDProfileData.h; sourceTree = "<group>"; };
		17B5A1051F31A6B000857676 /* GIDSignIn.h */ = {isa = PBXFileReference; fileEncoding = 4; lastKnownFileType = sourcecode.c.h; path = GIDSignIn.h; sourceTree = "<group>"; };
		17B5A1061F31A6B000857676 /* GIDSignInButton.h */ = {isa = PBXFileReference; fileEncoding = 4; lastKnownFileType = sourcecode.c.h; path = GIDSignInButton.h; sourceTree = "<group>"; };
		17B5A1071F31A6B000857676 /* GoogleSignIn.h */ = {isa = PBXFileReference; fileEncoding = 4; lastKnownFileType = sourcecode.c.h; path = GoogleSignIn.h; sourceTree = "<group>"; };
		17C77CB41F417B3800AE8632 /* AWSAuthUIViewController.h */ = {isa = PBXFileReference; fileEncoding = 4; lastKnownFileType = sourcecode.c.h; name = AWSAuthUIViewController.h; path = Sources/AWSAuthUI/AWSAuthUIViewController.h; sourceTree = SOURCE_ROOT; };
		17C77CB51F417B3800AE8632 /* AWSAuthUIViewController.m */ = {isa = PBXFileReference; fileEncoding = 4; lastKnownFileType = sourcecode.c.objc; name = AWSAuthUIViewController.m; path = Sources/AWSAuthUI/AWSAuthUIViewController.m; sourceTree = SOURCE_ROOT; };
		17CD4AA6218241AD00953483 /* AWSMobileClientTests.swift */ = {isa = PBXFileReference; lastKnownFileType = sourcecode.swift; path = AWSMobileClientTests.swift; sourceTree = "<group>"; };
		17CD4AA8218241AD00953483 /* Info.plist */ = {isa = PBXFileReference; lastKnownFileType = text.plist.xml; path = Info.plist; sourceTree = "<group>"; };
		17CD4B22218244EA00953483 /* AppDelegate.swift */ = {isa = PBXFileReference; lastKnownFileType = sourcecode.swift; path = AppDelegate.swift; sourceTree = "<group>"; };
		17CD4B24218244EA00953483 /* ViewController.swift */ = {isa = PBXFileReference; lastKnownFileType = sourcecode.swift; path = ViewController.swift; sourceTree = "<group>"; };
		17CD4B27218244EA00953483 /* Base */ = {isa = PBXFileReference; lastKnownFileType = file.storyboard; name = Base; path = Base.lproj/Main.storyboard; sourceTree = "<group>"; };
		17CD4B29218244EC00953483 /* Assets.xcassets */ = {isa = PBXFileReference; lastKnownFileType = folder.assetcatalog; path = Assets.xcassets; sourceTree = "<group>"; };
		17CD4B2C218244EC00953483 /* Base */ = {isa = PBXFileReference; lastKnownFileType = file.storyboard; name = Base; path = Base.lproj/LaunchScreen.storyboard; sourceTree = "<group>"; };
		17CD4B2E218244EC00953483 /* Info.plist */ = {isa = PBXFileReference; lastKnownFileType = text.plist.xml; path = Info.plist; sourceTree = "<group>"; };
		17D61F802166C757009B2B9C /* AWSUserPoolOperationsHandler.swift */ = {isa = PBXFileReference; lastKnownFileType = sourcecode.swift; path = AWSUserPoolOperationsHandler.swift; sourceTree = "<group>"; };
		17D61F822166C784009B2B9C /* AWSMobileResults.swift */ = {isa = PBXFileReference; lastKnownFileType = sourcecode.swift; path = AWSMobileResults.swift; sourceTree = "<group>"; };
		17D61FA6216BBC59009B2B9C /* AWSMobileClient.swift */ = {isa = PBXFileReference; lastKnownFileType = sourcecode.swift; path = AWSMobileClient.swift; sourceTree = "<group>"; };
		17F4F74E21F6B0750068B553 /* AWSCognitoAuth+Extensions.h */ = {isa = PBXFileReference; fileEncoding = 4; lastKnownFileType = sourcecode.c.h; path = "AWSCognitoAuth+Extensions.h"; sourceTree = "<group>"; };
		17F4F74F21F6B0750068B553 /* AWSCognitoAuth+Extensions.m */ = {isa = PBXFileReference; fileEncoding = 4; lastKnownFileType = sourcecode.c.objc; path = "AWSCognitoAuth+Extensions.m"; sourceTree = "<group>"; };
		6BB7BF2E23E5E8FB0026E789 /* AWSMobileClient-Mixed-Swift.h */ = {isa = PBXFileReference; fileEncoding = 4; lastKnownFileType = sourcecode.c.h; path = "AWSMobileClient-Mixed-Swift.h"; sourceTree = "<group>"; };
		B4031B78230F044A009EB524 /* AWSMobileClientUserDetails.swift */ = {isa = PBXFileReference; fileEncoding = 4; lastKnownFileType = sourcecode.swift; path = AWSMobileClientUserDetails.swift; sourceTree = "<group>"; };
		B4031BE523105727009EB524 /* AWSMobileClientSignInTests.swift */ = {isa = PBXFileReference; lastKnownFileType = sourcecode.swift; path = AWSMobileClientSignInTests.swift; sourceTree = "<group>"; };
		B40EA1842339774200135711 /* AWSHostedUIUserPoolTests.swift */ = {isa = PBXFileReference; lastKnownFileType = sourcecode.swift; path = AWSHostedUIUserPoolTests.swift; sourceTree = "<group>"; };
		B40EA1EC2339789E00135711 /* HostedUIUserPoolViewController.swift */ = {isa = PBXFileReference; lastKnownFileType = sourcecode.swift; path = HostedUIUserPoolViewController.swift; sourceTree = "<group>"; };
		B40EA1EE2339831E00135711 /* UserDetailsViewController.swift */ = {isa = PBXFileReference; lastKnownFileType = sourcecode.swift; path = UserDetailsViewController.swift; sourceTree = "<group>"; };
		B412F5EF2334783D00F1AC69 /* AWSMobileClientCustomAuthTests.swift */ = {isa = PBXFileReference; fileEncoding = 4; lastKnownFileType = sourcecode.swift; path = AWSMobileClientCustomAuthTests.swift; sourceTree = "<group>"; };
		B412F5F02334783D00F1AC69 /* Info.plist */ = {isa = PBXFileReference; fileEncoding = 4; lastKnownFileType = text.plist.xml; path = Info.plist; sourceTree = "<group>"; };
		B412F64C23347FBD00F1AC69 /* Assets.xcassets */ = {isa = PBXFileReference; lastKnownFileType = folder.assetcatalog; path = Assets.xcassets; sourceTree = "<group>"; };
		B412F65023347FBD00F1AC69 /* Base */ = {isa = PBXFileReference; lastKnownFileType = file.storyboard; name = Base; path = Base.lproj/Main.storyboard; sourceTree = "<group>"; };
		B412F65123347FBD00F1AC69 /* AppDelegate.swift */ = {isa = PBXFileReference; fileEncoding = 4; lastKnownFileType = sourcecode.swift; path = AppDelegate.swift; sourceTree = "<group>"; };
		B412F65223347FBD00F1AC69 /* Info.plist */ = {isa = PBXFileReference; fileEncoding = 4; lastKnownFileType = text.plist.xml; path = Info.plist; sourceTree = "<group>"; };
		B412F65E23350A5000F1AC69 /* AWSCognitoIdentityUserPool+Extension.h */ = {isa = PBXFileReference; lastKnownFileType = sourcecode.c.h; path = "AWSCognitoIdentityUserPool+Extension.h"; sourceTree = "<group>"; };
		B41F676E233D523B0060FDEE /* DropInUIUserPoolViewController.swift */ = {isa = PBXFileReference; lastKnownFileType = sourcecode.swift; path = DropInUIUserPoolViewController.swift; sourceTree = "<group>"; };
		B41F67D8233D536E0060FDEE /* AWSDropInUIUserPoolTests.swift */ = {isa = PBXFileReference; lastKnownFileType = sourcecode.swift; path = AWSDropInUIUserPoolTests.swift; sourceTree = "<group>"; };
		B46820F6233D19DE00CB404D /* AWSUserPoolNewPasswordRequiredViewController.m */ = {isa = PBXFileReference; fileEncoding = 4; lastKnownFileType = sourcecode.c.objc; path = AWSUserPoolNewPasswordRequiredViewController.m; sourceTree = "<group>"; };
		B468215F233D19DE00CB404D /* AWSUserPoolNewPasswordRequiredViewController.h */ = {isa = PBXFileReference; fileEncoding = 4; lastKnownFileType = sourcecode.c.h; path = AWSUserPoolNewPasswordRequiredViewController.h; sourceTree = "<group>"; };
		B49C891124B387C3009739FC /* AWSAppleSignIn.h */ = {isa = PBXFileReference; fileEncoding = 4; lastKnownFileType = sourcecode.c.h; path = AWSAppleSignIn.h; sourceTree = "<group>"; };
		B49C891224B387C3009739FC /* AWSAppleSignInProvider.h */ = {isa = PBXFileReference; fileEncoding = 4; lastKnownFileType = sourcecode.c.h; path = AWSAppleSignInProvider.h; sourceTree = "<group>"; };
		B49C891324B387C3009739FC /* AWSAppleSignInButton.h */ = {isa = PBXFileReference; fileEncoding = 4; lastKnownFileType = sourcecode.c.h; path = AWSAppleSignInButton.h; sourceTree = "<group>"; };
		B49C891424B387C3009739FC /* AWSAppleSignInProvider.m */ = {isa = PBXFileReference; fileEncoding = 4; lastKnownFileType = sourcecode.c.objc; path = AWSAppleSignInProvider.m; sourceTree = "<group>"; };
		B49C891524B387C3009739FC /* Info.plist */ = {isa = PBXFileReference; fileEncoding = 4; lastKnownFileType = text.plist.xml; path = Info.plist; sourceTree = "<group>"; };
		B49C891624B387C3009739FC /* AWSAppleSignInButton.m */ = {isa = PBXFileReference; fileEncoding = 4; lastKnownFileType = sourcecode.c.objc; path = AWSAppleSignInButton.m; sourceTree = "<group>"; };
		B4B74C052332E3EB0024326F /* AWSUserPoolCustomAuthHandler.swift */ = {isa = PBXFileReference; lastKnownFileType = sourcecode.swift; path = AWSUserPoolCustomAuthHandler.swift; sourceTree = "<group>"; };
		B4C8E3A72306056A0064C158 /* JSONHelper.swift */ = {isa = PBXFileReference; lastKnownFileType = sourcecode.swift; path = JSONHelper.swift; sourceTree = "<group>"; };
		B4C8E49F23073D7B0064C158 /* AWSMobileClientTestBase.swift */ = {isa = PBXFileReference; lastKnownFileType = sourcecode.swift; path = AWSMobileClientTestBase.swift; sourceTree = "<group>"; };
		B4C8E4A1230740200064C158 /* AWSMobileClientSignoutTests.swift */ = {isa = PBXFileReference; lastKnownFileType = sourcecode.swift; path = AWSMobileClientSignoutTests.swift; sourceTree = "<group>"; };
		B4C8E4A32307415C0064C158 /* AWSMobileClientDeviceTests.swift */ = {isa = PBXFileReference; lastKnownFileType = sourcecode.swift; path = AWSMobileClientDeviceTests.swift; sourceTree = "<group>"; };
		B4C8E4A5230742200064C158 /* AWSMobileClientUserAttributeTests.swift */ = {isa = PBXFileReference; lastKnownFileType = sourcecode.swift; path = AWSMobileClientUserAttributeTests.swift; sourceTree = "<group>"; };
		B4C8E4A7230743780064C158 /* AWSMobileClientPasswordTests.swift */ = {isa = PBXFileReference; lastKnownFileType = sourcecode.swift; path = AWSMobileClientPasswordTests.swift; sourceTree = "<group>"; };
		B4C8E4A92307447F0064C158 /* AWSMobileClientCredentialsTest.swift */ = {isa = PBXFileReference; lastKnownFileType = sourcecode.swift; path = AWSMobileClientCredentialsTest.swift; sourceTree = "<group>"; };
		B4F4C8692321CB6B001C87CD /* AWSCognitoCredentialsProvider+Extension.h */ = {isa = PBXFileReference; lastKnownFileType = sourcecode.c.h; path = "AWSCognitoCredentialsProvider+Extension.h"; sourceTree = "<group>"; };
		B5150A531F3BF00F00AC8D08 /* AWSAuthUIConfiguration.h */ = {isa = PBXFileReference; lastKnownFileType = sourcecode.c.h; name = AWSAuthUIConfiguration.h; path = Sources/AWSAuthUI/AWSAuthUIConfiguration.h; sourceTree = SOURCE_ROOT; };
		B5150AB11F3BF03D00AC8D08 /* AWSAuthUIConfiguration.m */ = {isa = PBXFileReference; fileEncoding = 4; lastKnownFileType = sourcecode.c.objc; name = AWSAuthUIConfiguration.m; path = Sources/AWSAuthUI/AWSAuthUIConfiguration.m; sourceTree = SOURCE_ROOT; };
		B5150B1A1F3C389C00AC8D08 /* Images.xcassets */ = {isa = PBXFileReference; lastKnownFileType = folder.assetcatalog; name = Images.xcassets; path = Sources/AWSAuthUI/Images.xcassets; sourceTree = SOURCE_ROOT; };
		B5170CD51F44EF0E008FD811 /* AWSGoogleSignIn.h */ = {isa = PBXFileReference; fileEncoding = 4; lastKnownFileType = sourcecode.c.h; path = AWSGoogleSignIn.h; sourceTree = "<group>"; };
		B5170D2E1F44F091008FD811 /* AWSUserPoolsSignIn.h */ = {isa = PBXFileReference; fileEncoding = 4; lastKnownFileType = sourcecode.c.h; path = AWSUserPoolsSignIn.h; sourceTree = "<group>"; };
		B5345D741F366E4A009C1041 /* AWSAuthUI.h */ = {isa = PBXFileReference; fileEncoding = 4; lastKnownFileType = sourcecode.c.h; name = AWSAuthUI.h; path = Sources/AWSAuthUI/AWSAuthUI.h; sourceTree = SOURCE_ROOT; };
		B5345D751F366E4A009C1041 /* Info.plist */ = {isa = PBXFileReference; fileEncoding = 4; lastKnownFileType = text.plist.xml; name = Info.plist; path = Sources/AWSAuthUI/Info.plist; sourceTree = SOURCE_ROOT; };
		B55D56BD1F44EC3F005A0E56 /* AWSiOSSDKv2.xcodeproj */ = {isa = PBXFileReference; lastKnownFileType = "wrapper.pb-project"; name = AWSiOSSDKv2.xcodeproj; path = ../../AWSiOSSDKv2.xcodeproj; sourceTree = "<group>"; };
		B58F53D51F381A51009ED450 /* SignIn.storyboard */ = {isa = PBXFileReference; fileEncoding = 4; lastKnownFileType = file.storyboard; name = SignIn.storyboard; path = Sources/AWSAuthUI/SignIn.storyboard; sourceTree = SOURCE_ROOT; };
		B58F53D61F381A51009ED450 /* AWSSignInViewController.h */ = {isa = PBXFileReference; fileEncoding = 4; lastKnownFileType = sourcecode.c.h; name = AWSSignInViewController.h; path = Sources/AWSAuthUI/AWSSignInViewController.h; sourceTree = SOURCE_ROOT; };
		B58F53D71F381A51009ED450 /* AWSSignInViewController.m */ = {isa = PBXFileReference; fileEncoding = 4; lastKnownFileType = sourcecode.c.objc; name = AWSSignInViewController.m; path = Sources/AWSAuthUI/AWSSignInViewController.m; sourceTree = SOURCE_ROOT; };
		B5C5648B1F2B2162004FF3CF /* AWSIdentityManager.h */ = {isa = PBXFileReference; fileEncoding = 4; lastKnownFileType = sourcecode.c.h; path = AWSIdentityManager.h; sourceTree = "<group>"; };
		B5C5648C1F2B2162004FF3CF /* AWSIdentityManager.m */ = {isa = PBXFileReference; fileEncoding = 4; lastKnownFileType = sourcecode.c.objc; path = AWSIdentityManager.m; sourceTree = "<group>"; };
		B5C564901F2B2162004FF3CF /* AWSAuthCore.h */ = {isa = PBXFileReference; fileEncoding = 4; lastKnownFileType = sourcecode.c.h; path = AWSAuthCore.h; sourceTree = "<group>"; };
		B5C564911F2B2162004FF3CF /* AWSSignInButtonView.h */ = {isa = PBXFileReference; fileEncoding = 4; lastKnownFileType = sourcecode.c.h; path = AWSSignInButtonView.h; sourceTree = "<group>"; };
		B5C564921F2B2162004FF3CF /* AWSSignInManager.h */ = {isa = PBXFileReference; fileEncoding = 4; lastKnownFileType = sourcecode.c.h; path = AWSSignInManager.h; sourceTree = "<group>"; };
		B5C564931F2B2162004FF3CF /* AWSSignInManager.m */ = {isa = PBXFileReference; fileEncoding = 4; lastKnownFileType = sourcecode.c.objc; path = AWSSignInManager.m; sourceTree = "<group>"; };
		B5C564941F2B2162004FF3CF /* AWSSignInProvider.h */ = {isa = PBXFileReference; fileEncoding = 4; lastKnownFileType = sourcecode.c.h; path = AWSSignInProvider.h; sourceTree = "<group>"; };
		B5C564951F2B2162004FF3CF /* AWSSignInProviderApplicationIntercept.h */ = {isa = PBXFileReference; fileEncoding = 4; lastKnownFileType = sourcecode.c.h; path = AWSSignInProviderApplicationIntercept.h; sourceTree = "<group>"; };
		B5C564961F2B2162004FF3CF /* Info.plist */ = {isa = PBXFileReference; fileEncoding = 4; lastKnownFileType = text.plist.xml; path = Info.plist; sourceTree = "<group>"; };
		B5FC69031FAFA1AA004790CB /* _AWSMobileClient.h */ = {isa = PBXFileReference; lastKnownFileType = sourcecode.c.h; path = _AWSMobileClient.h; sourceTree = "<group>"; };
		B5FC69041FAFA1AA004790CB /* Info.plist */ = {isa = PBXFileReference; lastKnownFileType = text.plist.xml; path = Info.plist; sourceTree = "<group>"; };
		B5FC69091FAFA1D0004790CB /* _AWSMobileClient.m */ = {isa = PBXFileReference; lastKnownFileType = sourcecode.c.objc; path = _AWSMobileClient.m; sourceTree = "<group>"; };
		B92BA3CA2318859D007C1175 /* Info.plist */ = {isa = PBXFileReference; lastKnownFileType = text.plist.xml; path = Info.plist; sourceTree = "<group>"; };
		B92BA3D123188605007C1175 /* AWSMobileClientConfigTests.swift */ = {isa = PBXFileReference; fileEncoding = 4; lastKnownFileType = sourcecode.swift; path = AWSMobileClientConfigTests.swift; sourceTree = "<group>"; };
		B92BA3D32318867D007C1175 /* AWSMobileClientConfig.swift */ = {isa = PBXFileReference; lastKnownFileType = sourcecode.swift; path = AWSMobileClientConfig.swift; sourceTree = "<group>"; };
		B9AC6317234F00F900A713A5 /* AWSAuthUIHelper.m */ = {isa = PBXFileReference; fileEncoding = 4; lastKnownFileType = sourcecode.c.objc; path = AWSAuthUIHelper.m; sourceTree = "<group>"; };
		B9AC6318234F00FA00A713A5 /* AWSAuthUIHelper.h */ = {isa = PBXFileReference; fileEncoding = 4; lastKnownFileType = sourcecode.c.h; path = AWSAuthUIHelper.h; sourceTree = "<group>"; };
		B9E2F6CC231EEE63009EAA48 /* AWSMobileClientInitializerTests.swift */ = {isa = PBXFileReference; lastKnownFileType = sourcecode.swift; path = AWSMobileClientInitializerTests.swift; sourceTree = "<group>"; };
		D81623E22530FEDB00816418 /* FBSDKReferralManager.h */ = {isa = PBXFileReference; fileEncoding = 4; lastKnownFileType = sourcecode.c.h; path = FBSDKReferralManager.h; sourceTree = "<group>"; };
		D81624542530FEDB00816418 /* FBSDKReferralManagerResult.h */ = {isa = PBXFileReference; fileEncoding = 4; lastKnownFileType = sourcecode.c.h; path = FBSDKReferralManagerResult.h; sourceTree = "<group>"; };
		D81624552530FEDB00816418 /* FBSDKReferralCode.h */ = {isa = PBXFileReference; fileEncoding = 4; lastKnownFileType = sourcecode.c.h; path = FBSDKReferralCode.h; sourceTree = "<group>"; };
		D8FAC202251D1A87005F9FC6 /* FBSDKCoreKitImport.h */ = {isa = PBXFileReference; fileEncoding = 4; lastKnownFileType = sourcecode.c.h; path = FBSDKCoreKitImport.h; sourceTree = "<group>"; };
		D8FAC274251D1B98005F9FC6 /* FBSDKAppLink.h */ = {isa = PBXFileReference; fileEncoding = 4; lastKnownFileType = sourcecode.c.h; path = FBSDKAppLink.h; sourceTree = "<group>"; };
		D8FAC276251D1BBB005F9FC6 /* FBSDKAppLinkNavigation.h */ = {isa = PBXFileReference; fileEncoding = 4; lastKnownFileType = sourcecode.c.h; path = FBSDKAppLinkNavigation.h; sourceTree = "<group>"; };
		D8FAC278251D1BF2005F9FC6 /* FBSDKAppLinkResolving.h */ = {isa = PBXFileReference; fileEncoding = 4; lastKnownFileType = sourcecode.c.h; path = FBSDKAppLinkResolving.h; sourceTree = "<group>"; };
		D8FAC27A251D1C0F005F9FC6 /* FBSDKAppLinkTarget.h */ = {isa = PBXFileReference; fileEncoding = 4; lastKnownFileType = sourcecode.c.h; path = FBSDKAppLinkTarget.h; sourceTree = "<group>"; };
		D8FAC27B251D1C0F005F9FC6 /* FBSDKAppLinkReturnToRefererController.h */ = {isa = PBXFileReference; fileEncoding = 4; lastKnownFileType = sourcecode.c.h; path = FBSDKAppLinkReturnToRefererController.h; sourceTree = "<group>"; };
		D8FAC27C251D1C0F005F9FC6 /* FBSDKAppLinkReturnToRefererView.h */ = {isa = PBXFileReference; fileEncoding = 4; lastKnownFileType = sourcecode.c.h; path = FBSDKAppLinkReturnToRefererView.h; sourceTree = "<group>"; };
		D8FAC280251D1D15005F9FC6 /* FBSDKDeviceViewControllerBase.h */ = {isa = PBXFileReference; fileEncoding = 4; lastKnownFileType = sourcecode.c.h; path = FBSDKDeviceViewControllerBase.h; sourceTree = "<group>"; };
		D8FAC282251D1D29005F9FC6 /* FBSDKDeviceButton.h */ = {isa = PBXFileReference; fileEncoding = 4; lastKnownFileType = sourcecode.c.h; path = FBSDKDeviceButton.h; sourceTree = "<group>"; };
		D8FAC284251D1D31005F9FC6 /* FBSDKDeviceLoginCodeInfo.h */ = {isa = PBXFileReference; fileEncoding = 4; lastKnownFileType = sourcecode.c.h; path = FBSDKDeviceLoginCodeInfo.h; sourceTree = "<group>"; };
		D8FAC286251D1D39005F9FC6 /* FBSDKDeviceLoginManager.h */ = {isa = PBXFileReference; fileEncoding = 4; lastKnownFileType = sourcecode.c.h; path = FBSDKDeviceLoginManager.h; sourceTree = "<group>"; };
		D8FAC288251D1D3D005F9FC6 /* FBSDKDeviceLoginManagerResult.h */ = {isa = PBXFileReference; fileEncoding = 4; lastKnownFileType = sourcecode.c.h; path = FBSDKDeviceLoginManagerResult.h; sourceTree = "<group>"; };
		D8FAC28A251D1D78005F9FC6 /* FBSDKMeasurementEvent.h */ = {isa = PBXFileReference; fileEncoding = 4; lastKnownFileType = sourcecode.c.h; path = FBSDKMeasurementEvent.h; sourceTree = "<group>"; };
		D8FAC28C251D1D8F005F9FC6 /* FBSDKURL.h */ = {isa = PBXFileReference; fileEncoding = 4; lastKnownFileType = sourcecode.c.h; path = FBSDKURL.h; sourceTree = "<group>"; };
		D8FAC28E251D1D94005F9FC6 /* FBSDKWebViewAppLinkResolver.h */ = {isa = PBXFileReference; fileEncoding = 4; lastKnownFileType = sourcecode.c.h; path = FBSDKWebViewAppLinkResolver.h; sourceTree = "<group>"; };
/* End PBXFileReference section */

/* Begin PBXGroup section */
		170AD3D52195663C004E1E88 /* Internal */ = {
			isa = PBXGroup;
			children = (
				17F4F74E21F6B0750068B553 /* AWSCognitoAuth+Extensions.h */,
				17F4F74F21F6B0750068B553 /* AWSCognitoAuth+Extensions.m */,
				177B8AD921E52C730051068F /* AWSCognitoAuth_Internal.h */,
				177B8ADA21E52C730051068F /* AWSCognitoAuth.h */,
				177B8AD721E52C720051068F /* AWSCognitoAuth.m */,
				177B8ADB21E52C730051068F /* AWSCognitoAuthUICKeyChainStore.h */,
				177B8AD821E52C730051068F /* AWSCognitoAuthUICKeyChainStore.m */,
				6BB7BF2E23E5E8FB0026E789 /* AWSMobileClient-Mixed-Swift.h */,
				B5FC69091FAFA1D0004790CB /* _AWSMobileClient.m */,
				B5FC69031FAFA1AA004790CB /* _AWSMobileClient.h */,
				B4C8E3A72306056A0064C158 /* JSONHelper.swift */,
				B4031B78230F044A009EB524 /* AWSMobileClientUserDetails.swift */,
				B4F4C8692321CB6B001C87CD /* AWSCognitoCredentialsProvider+Extension.h */,
				B4B74C052332E3EB0024326F /* AWSUserPoolCustomAuthHandler.swift */,
				B412F65E23350A5000F1AC69 /* AWSCognitoIdentityUserPool+Extension.h */,
			);
			path = Internal;
			sourceTree = "<group>";
		};
		1711A4BB1F43A461006105D3 /* UserPoolsUI */ = {
			isa = PBXGroup;
			children = (
				1711A4BC1F43A461006105D3 /* AWSFormTableCell.h */,
				1711A4BD1F43A461006105D3 /* AWSFormTableCell.m */,
				1711A4BE1F43A461006105D3 /* AWSFormTableDelegate.h */,
				1711A4BF1F43A461006105D3 /* AWSFormTableDelegate.m */,
				1711A4C01F43A461006105D3 /* AWSTableInputCell.h */,
				1711A4C11F43A461006105D3 /* AWSTableInputCell.m */,
				1711A4C21F43A461006105D3 /* AWSUserPoolForgotPasswordViewController.h */,
				1711A4C31F43A461006105D3 /* AWSUserPoolForgotPasswordViewController.m */,
				1711A4C41F43A461006105D3 /* AWSUserPoolMFAViewController.h */,
				1711A4C51F43A461006105D3 /* AWSUserPoolMFAViewController.m */,
				B468215F233D19DE00CB404D /* AWSUserPoolNewPasswordRequiredViewController.h */,
				B46820F6233D19DE00CB404D /* AWSUserPoolNewPasswordRequiredViewController.m */,
				1711A4C61F43A461006105D3 /* AWSUserPools.storyboard */,
				1711A4C91F43A461006105D3 /* AWSUserPoolSignUpViewController.h */,
				1711A4CA1F43A461006105D3 /* AWSUserPoolSignUpViewController.m */,
			);
			path = UserPoolsUI;
			sourceTree = "<group>";
		};
		1750D0081F2D4DFA006D915E /* AWSUserPoolsSignIn */ = {
			isa = PBXGroup;
			children = (
				1750D00F1F2D4E23006D915E /* AWSCognitoUserPoolsSignInProvider.h */,
				1750D0101F2D4E23006D915E /* AWSCognitoUserPoolsSignInProvider.m */,
				B5170D2E1F44F091008FD811 /* AWSUserPoolsSignIn.h */,
				1711A4B91F43A461006105D3 /* AWSUserPoolsUIOperations.h */,
				1711A4BA1F43A461006105D3 /* AWSUserPoolsUIOperations.m */,
				1750D00A1F2D4DFA006D915E /* Info.plist */,
				1711A4BB1F43A461006105D3 /* UserPoolsUI */,
			);
			path = AWSUserPoolsSignIn;
			sourceTree = "<group>";
		};
		175869961EF8899700F1452C = {
			isa = PBXGroup;
			children = (
				176B3BDC1F21704400ED3733 /* Sources */,
				17CD4B0D218241B800953483 /* Tests */,
				177AE7231F22715D00870762 /* Dependencies */,
				17CD4B21218244EA00953483 /* AWSAuthSDKTestApp */,
				177B8AE721E81B7D0051068F /* AWSAuthSDKTestAppUITests */,
				175869A11EF8899700F1452C /* Products */,
				176375031F3287580086588B /* Frameworks */,
			);
			sourceTree = "<group>";
		};
		175869A11EF8899700F1452C /* Products */ = {
			isa = PBXGroup;
			children = (
			);
			name = Products;
			sourceTree = "<group>";
		};
		176375031F3287580086588B /* Frameworks */ = {
			isa = PBXGroup;
			children = (
				176375041F3287580086588B /* Foundation.framework */,
			);
			name = Frameworks;
			sourceTree = "<group>";
		};
		176B3BDC1F21704400ED3733 /* Sources */ = {
			isa = PBXGroup;
			children = (
				B49C891024B387C3009739FC /* AWSAppleSignIn */,
				B5C564B61F2B2302004FF3CF /* AWSAuthCore */,
				B5345D101F366AFA009C1041 /* AWSAuthUI */,
				1786CA421F2BED46003421FF /* AWSFacebookSignIn */,
				1786CA351F2BED3C003421FF /* AWSGoogleSignIn */,
				B5FC69021FAFA1AA004790CB /* AWSMobileClient */,
				1750D0081F2D4DFA006D915E /* AWSUserPoolsSignIn */,
			);
			path = Sources;
			sourceTree = "<group>";
		};
		177AE7231F22715D00870762 /* Dependencies */ = {
			isa = PBXGroup;
			children = (
				B55D56BD1F44EC3F005A0E56 /* AWSiOSSDKv2.xcodeproj */,
				17B5A0E51F31A6B000857676 /* FacebookHeaders */,
				17B5A1011F31A6B000857676 /* GoogleHeaders */,
			);
			path = Dependencies;
			sourceTree = "<group>";
		};
		177B8AE721E81B7D0051068F /* AWSAuthSDKTestAppUITests */ = {
			isa = PBXGroup;
			children = (
				B40EA1842339774200135711 /* AWSHostedUIUserPoolTests.swift */,
				B41F67D8233D536E0060FDEE /* AWSDropInUIUserPoolTests.swift */,
				177B8AE821E81B7D0051068F /* AWSAuthSDKTestAppUITests.swift */,
				177B8AEA21E81B7D0051068F /* Info.plist */,
			);
			path = AWSAuthSDKTestAppUITests;
			sourceTree = "<group>";
		};
		1786CA351F2BED3C003421FF /* AWSGoogleSignIn */ = {
			isa = PBXGroup;
			children = (
				B5170CD51F44EF0E008FD811 /* AWSGoogleSignIn.h */,
				1786CA491F2BEDB8003421FF /* AWSGoogleSignInButton.h */,
				1786CA4A1F2BEDB8003421FF /* AWSGoogleSignInButton.m */,
				1786CA4B1F2BEDB8003421FF /* AWSGoogleSignInProvider.h */,
				1786CA4C1F2BEDB8003421FF /* AWSGoogleSignInProvider.m */,
				1786CA4D1F2BEDB8003421FF /* Images.xcassets */,
				1786CA371F2BED3C003421FF /* Info.plist */,
			);
			path = AWSGoogleSignIn;
			sourceTree = "<group>";
		};
		1786CA421F2BED46003421FF /* AWSFacebookSignIn */ = {
			isa = PBXGroup;
			children = (
				1786CA431F2BED46003421FF /* AWSFacebookSignIn.h */,
				1786CA531F2BEDDD003421FF /* AWSFacebookSignInButton.h */,
				1786CA541F2BEDDD003421FF /* AWSFacebookSignInButton.m */,
				1786CA551F2BEDDD003421FF /* AWSFacebookSignInProvider.h */,
				1786CA561F2BEDDD003421FF /* AWSFacebookSignInProvider.m */,
				1786CA571F2BEDDD003421FF /* Images.xcassets */,
				1786CA441F2BED46003421FF /* Info.plist */,
			);
			path = AWSFacebookSignIn;
			sourceTree = "<group>";
		};
		17B5A0E51F31A6B000857676 /* FacebookHeaders */ = {
			isa = PBXGroup;
			children = (
				17B5A0E61F31A6B000857676 /* FBSDKAccessToken.h */,
				17B5A0E71F31A6B000857676 /* FBSDKAppEvents.h */,
				17B5A0E81F31A6B000857676 /* FBSDKApplicationDelegate.h */,
				D8FAC274251D1B98005F9FC6 /* FBSDKAppLink.h */,
				D8FAC276251D1BBB005F9FC6 /* FBSDKAppLinkNavigation.h */,
				17B5A0E91F31A6B000857676 /* FBSDKAppLinkResolver.h */,
				D8FAC278251D1BF2005F9FC6 /* FBSDKAppLinkResolving.h */,
				D8FAC27B251D1C0F005F9FC6 /* FBSDKAppLinkReturnToRefererController.h */,
				D8FAC27C251D1C0F005F9FC6 /* FBSDKAppLinkReturnToRefererView.h */,
				D8FAC27A251D1C0F005F9FC6 /* FBSDKAppLinkTarget.h */,
				17B5A0EA1F31A6B000857676 /* FBSDKAppLinkUtility.h */,
				17B5A0EB1F31A6B000857676 /* FBSDKButton.h */,
				17B5A0EC1F31A6B000857676 /* FBSDKConstants.h */,
				17B5A0ED1F31A6B000857676 /* FBSDKCopying.h */,
				17B5A0EE1F31A6B000857676 /* FBSDKCoreKit.h */,
				D8FAC202251D1A87005F9FC6 /* FBSDKCoreKitImport.h */,
				D8FAC282251D1D29005F9FC6 /* FBSDKDeviceButton.h */,
				D8FAC284251D1D31005F9FC6 /* FBSDKDeviceLoginCodeInfo.h */,
				D8FAC286251D1D39005F9FC6 /* FBSDKDeviceLoginManager.h */,
				D8FAC288251D1D3D005F9FC6 /* FBSDKDeviceLoginManagerResult.h */,
				D8FAC280251D1D15005F9FC6 /* FBSDKDeviceViewControllerBase.h */,
				17B5A0EF1F31A6B000857676 /* FBSDKGraphErrorRecoveryProcessor.h */,
				17B5A0F01F31A6B000857676 /* FBSDKGraphRequest.h */,
				17B5A0F11F31A6B000857676 /* FBSDKGraphRequestConnection.h */,
				17B5A0F21F31A6B000857676 /* FBSDKGraphRequestDataAttachment.h */,
				17B5A0F31F31A6B000857676 /* FBSDKLoginButton.h */,
				17B5A0F41F31A6B000857676 /* FBSDKLoginConstants.h */,
				17B5A0F51F31A6B000857676 /* FBSDKLoginKit.h */,
				17B5A0F61F31A6B000857676 /* FBSDKLoginManager.h */,
				17B5A0F71F31A6B000857676 /* FBSDKLoginManagerLoginResult.h */,
				17B5A0F81F31A6B000857676 /* FBSDKLoginTooltipView.h */,
				D8FAC28A251D1D78005F9FC6 /* FBSDKMeasurementEvent.h */,
				17B5A0FA1F31A6B000857676 /* FBSDKMutableCopying.h */,
				17B5A0FB1F31A6B000857676 /* FBSDKProfile.h */,
				17B5A0FC1F31A6B000857676 /* FBSDKProfilePictureView.h */,
				D81624552530FEDB00816418 /* FBSDKReferralCode.h */,
				D81623E22530FEDB00816418 /* FBSDKReferralManager.h */,
				D81624542530FEDB00816418 /* FBSDKReferralManagerResult.h */,
				17B5A0FD1F31A6B000857676 /* FBSDKSettings.h */,
				17B5A0FE1F31A6B000857676 /* FBSDKTestUsersManager.h */,
				17B5A0FF1F31A6B000857676 /* FBSDKTooltipView.h */,
				D8FAC28C251D1D8F005F9FC6 /* FBSDKURL.h */,
				17B5A1001F31A6B000857676 /* FBSDKUtility.h */,
				D8FAC28E251D1D94005F9FC6 /* FBSDKWebViewAppLinkResolver.h */,
			);
			path = FacebookHeaders;
			sourceTree = "<group>";
		};
		17B5A1011F31A6B000857676 /* GoogleHeaders */ = {
			isa = PBXGroup;
			children = (
				17B5A1021F31A6B000857676 /* GIDAuthentication.h */,
				17B5A1031F31A6B000857676 /* GIDGoogleUser.h */,
				17B5A1041F31A6B000857676 /* GIDProfileData.h */,
				17B5A1051F31A6B000857676 /* GIDSignIn.h */,
				17B5A1061F31A6B000857676 /* GIDSignInButton.h */,
				17B5A1071F31A6B000857676 /* GoogleSignIn.h */,
			);
			path = GoogleHeaders;
			sourceTree = "<group>";
		};
		17CD4AA5218241AD00953483 /* AWSMobileClientTests */ = {
			isa = PBXGroup;
			children = (
				17CD4AA8218241AD00953483 /* Info.plist */,
				B4C8E49F23073D7B0064C158 /* AWSMobileClientTestBase.swift */,
				B4C8E4A92307447F0064C158 /* AWSMobileClientCredentialsTest.swift */,
				B4C8E4A32307415C0064C158 /* AWSMobileClientDeviceTests.swift */,
				B4C8E4A7230743780064C158 /* AWSMobileClientPasswordTests.swift */,
				B4C8E4A1230740200064C158 /* AWSMobileClientSignoutTests.swift */,
				17CD4AA6218241AD00953483 /* AWSMobileClientTests.swift */,
				B4C8E4A5230742200064C158 /* AWSMobileClientUserAttributeTests.swift */,
				B4031BE523105727009EB524 /* AWSMobileClientSignInTests.swift */,
			);
			path = AWSMobileClientTests;
			sourceTree = "<group>";
		};
		17CD4B0D218241B800953483 /* Tests */ = {
			isa = PBXGroup;
			children = (
				B412F64A23347FBD00F1AC69 /* AWSMobileClientIntegTestApp */,
				B412F5EE2334783D00F1AC69 /* AWSMobileClientCustomAuthTests */,
				17CD4AA5218241AD00953483 /* AWSMobileClientTests */,
				B92BA3C72318859D007C1175 /* AWSMobileClientUnitTests */,
			);
			path = Tests;
			sourceTree = "<group>";
		};
		17CD4B21218244EA00953483 /* AWSAuthSDKTestApp */ = {
			isa = PBXGroup;
			children = (
				17CD4B22218244EA00953483 /* AppDelegate.swift */,
				17CD4B24218244EA00953483 /* ViewController.swift */,
				B40EA1EE2339831E00135711 /* UserDetailsViewController.swift */,
				B40EA1EC2339789E00135711 /* HostedUIUserPoolViewController.swift */,
				B41F676E233D523B0060FDEE /* DropInUIUserPoolViewController.swift */,
				17CD4B26218244EA00953483 /* Main.storyboard */,
				17CD4B29218244EC00953483 /* Assets.xcassets */,
				17CD4B2B218244EC00953483 /* LaunchScreen.storyboard */,
				17CD4B2E218244EC00953483 /* Info.plist */,
			);
			path = AWSAuthSDKTestApp;
			sourceTree = "<group>";
		};
		B412F5EE2334783D00F1AC69 /* AWSMobileClientCustomAuthTests */ = {
			isa = PBXGroup;
			children = (
				B412F5EF2334783D00F1AC69 /* AWSMobileClientCustomAuthTests.swift */,
				B412F5F02334783D00F1AC69 /* Info.plist */,
			);
			path = AWSMobileClientCustomAuthTests;
			sourceTree = "<group>";
		};
		B412F64A23347FBD00F1AC69 /* AWSMobileClientIntegTestApp */ = {
			isa = PBXGroup;
			children = (
				B412F64C23347FBD00F1AC69 /* Assets.xcassets */,
				B412F64F23347FBD00F1AC69 /* Main.storyboard */,
				B412F65123347FBD00F1AC69 /* AppDelegate.swift */,
				B412F65223347FBD00F1AC69 /* Info.plist */,
			);
			path = AWSMobileClientIntegTestApp;
			sourceTree = "<group>";
		};
		B49C891024B387C3009739FC /* AWSAppleSignIn */ = {
			isa = PBXGroup;
			children = (
				B49C891124B387C3009739FC /* AWSAppleSignIn.h */,
				B49C891324B387C3009739FC /* AWSAppleSignInButton.h */,
				B49C891624B387C3009739FC /* AWSAppleSignInButton.m */,
				B49C891224B387C3009739FC /* AWSAppleSignInProvider.h */,
				B49C891424B387C3009739FC /* AWSAppleSignInProvider.m */,
				B49C891524B387C3009739FC /* Info.plist */,
			);
			path = AWSAppleSignIn;
			sourceTree = "<group>";
		};
		B5345D101F366AFA009C1041 /* AWSAuthUI */ = {
			isa = PBXGroup;
			children = (
				B5345D741F366E4A009C1041 /* AWSAuthUI.h */,
				B5150A531F3BF00F00AC8D08 /* AWSAuthUIConfiguration.h */,
				B5150AB11F3BF03D00AC8D08 /* AWSAuthUIConfiguration.m */,
				17C77CB41F417B3800AE8632 /* AWSAuthUIViewController.h */,
				17C77CB51F417B3800AE8632 /* AWSAuthUIViewController.m */,
				B58F53D61F381A51009ED450 /* AWSSignInViewController.h */,
				B58F53D71F381A51009ED450 /* AWSSignInViewController.m */,
				B5150B1A1F3C389C00AC8D08 /* Images.xcassets */,
				B5345D751F366E4A009C1041 /* Info.plist */,
				B58F53D51F381A51009ED450 /* SignIn.storyboard */,
			);
			path = AWSAuthUI;
			sourceTree = "<group>";
		};
		B55D56BE1F44EC3F005A0E56 /* Products */ = {
			isa = PBXGroup;
			children = (
				B55D57121F44EC3F005A0E56 /* AWSCore.framework */,
				B55D57181F44EC3F005A0E56 /* AWSAPIGateway.framework */,
				B55D572A1F44EC3F005A0E56 /* AWSCognito.framework */,
			);
			name = Products;
			sourceTree = "<group>";
		};
		B5C564B61F2B2302004FF3CF /* AWSAuthCore */ = {
			isa = PBXGroup;
			children = (
				B5C564901F2B2162004FF3CF /* AWSAuthCore.h */,
				B9AC6318234F00FA00A713A5 /* AWSAuthUIHelper.h */,
				B9AC6317234F00F900A713A5 /* AWSAuthUIHelper.m */,
				B5C5648B1F2B2162004FF3CF /* AWSIdentityManager.h */,
				B5C5648C1F2B2162004FF3CF /* AWSIdentityManager.m */,
				B5C564911F2B2162004FF3CF /* AWSSignInButtonView.h */,
				B5C564921F2B2162004FF3CF /* AWSSignInManager.h */,
				B5C564931F2B2162004FF3CF /* AWSSignInManager.m */,
				B5C564941F2B2162004FF3CF /* AWSSignInProvider.h */,
				B5C564951F2B2162004FF3CF /* AWSSignInProviderApplicationIntercept.h */,
				1711A4F31F43D701006105D3 /* AWSUIConfiguration.h */,
				B5C564961F2B2162004FF3CF /* Info.plist */,
			);
			path = AWSAuthCore;
			sourceTree = "<group>";
		};
		B5FC69021FAFA1AA004790CB /* AWSMobileClient */ = {
			isa = PBXGroup;
			children = (
				170AD3D52195663C004E1E88 /* Internal */,
				B5FC69041FAFA1AA004790CB /* Info.plist */,
				17D61F822166C784009B2B9C /* AWSMobileResults.swift */,
				17D61FA6216BBC59009B2B9C /* AWSMobileClient.swift */,
				179E0AD021656F3200E1F877 /* AWSMobileClientExtensions.swift */,
				170AD35221921764004E1E88 /* AWSMobileClient.h */,
				1708BF0D21C31AB200B2DA8C /* AWSMobileOptions.swift */,
				17D61F802166C757009B2B9C /* AWSUserPoolOperationsHandler.swift */,
				1744D05A21FFD84E00A81008 /* DeviceOperations.swift */,
			);
			path = AWSMobileClient;
			sourceTree = "<group>";
		};
		B92BA3C72318859D007C1175 /* AWSMobileClientUnitTests */ = {
			isa = PBXGroup;
			children = (
				B92BA3D32318867D007C1175 /* AWSMobileClientConfig.swift */,
				B92BA3D123188605007C1175 /* AWSMobileClientConfigTests.swift */,
				B9E2F6CC231EEE63009EAA48 /* AWSMobileClientInitializerTests.swift */,
				B92BA3CA2318859D007C1175 /* Info.plist */,
			);
			path = AWSMobileClientUnitTests;
			sourceTree = "<group>";
		};
/* End PBXGroup section */

/* Begin PBXProject section */
		175869971EF8899700F1452C /* Project object */ = {
			isa = PBXProject;
			attributes = {
				LastSwiftUpdateCheck = 1030;
				LastUpgradeCheck = 1100;
				ORGANIZATIONNAME = "Amazon Web Services";
			};
			buildConfigurationList = 1758699A1EF8899700F1452C /* Build configuration list for PBXProject "AWSAuthSDK" */;
			compatibilityVersion = "Xcode 3.2";
			developmentRegion = en;
			hasScannedForEncodings = 0;
			knownRegions = (
				en,
				Base,
			);
			mainGroup = 175869961EF8899700F1452C;
			productRefGroup = 175869A11EF8899700F1452C /* Products */;
			projectDirPath = "";
			projectReferences = (
				{
					ProductGroup = B55D56BE1F44EC3F005A0E56 /* Products */;
					ProjectRef = B55D56BD1F44EC3F005A0E56 /* AWSiOSSDKv2.xcodeproj */;
				},
			);
			projectRoot = "";
			targets = (
			);
		};
/* End PBXProject section */

/* Begin PBXReferenceProxy section */
		B55D57121F44EC3F005A0E56 /* AWSCore.framework */ = {
			isa = PBXReferenceProxy;
			fileType = wrapper.framework;
			path = AWSCore.framework;
			remoteRef = B55D57111F44EC3F005A0E56 /* PBXContainerItemProxy */;
			sourceTree = BUILT_PRODUCTS_DIR;
		};
		B55D57181F44EC3F005A0E56 /* AWSAPIGateway.framework */ = {
			isa = PBXReferenceProxy;
			fileType = wrapper.framework;
			path = AWSAPIGateway.framework;
			remoteRef = B55D57171F44EC3F005A0E56 /* PBXContainerItemProxy */;
			sourceTree = BUILT_PRODUCTS_DIR;
		};
		B55D572A1F44EC3F005A0E56 /* AWSCognito.framework */ = {
			isa = PBXReferenceProxy;
			fileType = wrapper.framework;
			path = AWSCognito.framework;
			remoteRef = B55D57291F44EC3F005A0E56 /* PBXContainerItemProxy */;
			sourceTree = BUILT_PRODUCTS_DIR;
		};
/* End PBXReferenceProxy section */

/* Begin PBXVariantGroup section */
		17CD4B26218244EA00953483 /* Main.storyboard */ = {
			isa = PBXVariantGroup;
			children = (
				17CD4B27218244EA00953483 /* Base */,
			);
			name = Main.storyboard;
			sourceTree = "<group>";
		};
		17CD4B2B218244EC00953483 /* LaunchScreen.storyboard */ = {
			isa = PBXVariantGroup;
			children = (
				17CD4B2C218244EC00953483 /* Base */,
			);
			name = LaunchScreen.storyboard;
			sourceTree = "<group>";
		};
		B412F64F23347FBD00F1AC69 /* Main.storyboard */ = {
			isa = PBXVariantGroup;
			children = (
				B412F65023347FBD00F1AC69 /* Base */,
			);
			name = Main.storyboard;
			sourceTree = "<group>";
		};
/* End PBXVariantGroup section */

/* Begin XCBuildConfiguration section */
		175869A61EF8899700F1452C /* Debug */ = {
			isa = XCBuildConfiguration;
			buildSettings = {
				ALWAYS_SEARCH_USER_PATHS = NO;
				BITCODE_GENERATION_MODE = bitcode;
				CLANG_ANALYZER_NONNULL = YES;
				CLANG_CXX_LANGUAGE_STANDARD = "gnu++0x";
				CLANG_CXX_LIBRARY = "libc++";
				CLANG_ENABLE_MODULES = YES;
				CLANG_ENABLE_OBJC_ARC = YES;
				CLANG_WARN_BLOCK_CAPTURE_AUTORELEASING = YES;
				CLANG_WARN_BOOL_CONVERSION = YES;
				CLANG_WARN_COMMA = YES;
				CLANG_WARN_CONSTANT_CONVERSION = YES;
				CLANG_WARN_DEPRECATED_OBJC_IMPLEMENTATIONS = YES;
				CLANG_WARN_DIRECT_OBJC_ISA_USAGE = YES_ERROR;
				CLANG_WARN_DOCUMENTATION_COMMENTS = YES;
				CLANG_WARN_EMPTY_BODY = YES;
				CLANG_WARN_ENUM_CONVERSION = YES;
				CLANG_WARN_INFINITE_RECURSION = YES;
				CLANG_WARN_INT_CONVERSION = YES;
				CLANG_WARN_NON_LITERAL_NULL_CONVERSION = YES;
				CLANG_WARN_OBJC_IMPLICIT_RETAIN_SELF = YES;
				CLANG_WARN_OBJC_LITERAL_CONVERSION = YES;
				CLANG_WARN_OBJC_ROOT_CLASS = YES_ERROR;
				CLANG_WARN_RANGE_LOOP_ANALYSIS = YES;
				CLANG_WARN_STRICT_PROTOTYPES = YES;
				CLANG_WARN_SUSPICIOUS_MOVE = YES;
				CLANG_WARN_UNREACHABLE_CODE = YES;
				CLANG_WARN__DUPLICATE_METHOD_MATCH = YES;
				"CODE_SIGN_IDENTITY[sdk=iphoneos*]" = "iPhone Developer";
				COPY_PHASE_STRIP = NO;
				CURRENT_PROJECT_VERSION = 1;
				DEBUG_INFORMATION_FORMAT = dwarf;
				ENABLE_STRICT_OBJC_MSGSEND = YES;
				ENABLE_TESTABILITY = YES;
				GCC_C_LANGUAGE_STANDARD = gnu99;
				GCC_DYNAMIC_NO_PIC = NO;
				GCC_NO_COMMON_BLOCKS = YES;
				GCC_OPTIMIZATION_LEVEL = 0;
				GCC_PREPROCESSOR_DEFINITIONS = (
					"DEBUG=1",
					"$(inherited)",
				);
				GCC_WARN_64_TO_32_BIT_CONVERSION = YES;
				GCC_WARN_ABOUT_RETURN_TYPE = YES_ERROR;
				GCC_WARN_UNDECLARED_SELECTOR = YES;
				GCC_WARN_UNINITIALIZED_AUTOS = YES_AGGRESSIVE;
				GCC_WARN_UNUSED_FUNCTION = YES;
				GCC_WARN_UNUSED_VARIABLE = YES;
				IPHONEOS_DEPLOYMENT_TARGET = 9.0;
				MTL_ENABLE_DEBUG_INFO = YES;
				ONLY_ACTIVE_ARCH = YES;
				SDKROOT = iphoneos;
				TARGETED_DEVICE_FAMILY = "1,2";
				VERSIONING_SYSTEM = "apple-generic";
				VERSION_INFO_PREFIX = "";
			};
			name = Debug;
		};
		175869A71EF8899700F1452C /* Release */ = {
			isa = XCBuildConfiguration;
			buildSettings = {
				ALWAYS_SEARCH_USER_PATHS = NO;
				BITCODE_GENERATION_MODE = bitcode;
				CLANG_ANALYZER_NONNULL = YES;
				CLANG_CXX_LANGUAGE_STANDARD = "gnu++0x";
				CLANG_CXX_LIBRARY = "libc++";
				CLANG_ENABLE_MODULES = YES;
				CLANG_ENABLE_OBJC_ARC = YES;
				CLANG_WARN_BLOCK_CAPTURE_AUTORELEASING = YES;
				CLANG_WARN_BOOL_CONVERSION = YES;
				CLANG_WARN_COMMA = YES;
				CLANG_WARN_CONSTANT_CONVERSION = YES;
				CLANG_WARN_DEPRECATED_OBJC_IMPLEMENTATIONS = YES;
				CLANG_WARN_DIRECT_OBJC_ISA_USAGE = YES_ERROR;
				CLANG_WARN_DOCUMENTATION_COMMENTS = YES;
				CLANG_WARN_EMPTY_BODY = YES;
				CLANG_WARN_ENUM_CONVERSION = YES;
				CLANG_WARN_INFINITE_RECURSION = YES;
				CLANG_WARN_INT_CONVERSION = YES;
				CLANG_WARN_NON_LITERAL_NULL_CONVERSION = YES;
				CLANG_WARN_OBJC_IMPLICIT_RETAIN_SELF = YES;
				CLANG_WARN_OBJC_LITERAL_CONVERSION = YES;
				CLANG_WARN_OBJC_ROOT_CLASS = YES_ERROR;
				CLANG_WARN_RANGE_LOOP_ANALYSIS = YES;
				CLANG_WARN_STRICT_PROTOTYPES = YES;
				CLANG_WARN_SUSPICIOUS_MOVE = YES;
				CLANG_WARN_UNREACHABLE_CODE = YES;
				CLANG_WARN__DUPLICATE_METHOD_MATCH = YES;
				"CODE_SIGN_IDENTITY[sdk=iphoneos*]" = "iPhone Developer";
				COPY_PHASE_STRIP = NO;
				CURRENT_PROJECT_VERSION = 1;
				DEBUG_INFORMATION_FORMAT = "dwarf-with-dsym";
				ENABLE_NS_ASSERTIONS = NO;
				ENABLE_STRICT_OBJC_MSGSEND = YES;
				GCC_C_LANGUAGE_STANDARD = gnu99;
				GCC_NO_COMMON_BLOCKS = YES;
				GCC_WARN_64_TO_32_BIT_CONVERSION = YES;
				GCC_WARN_ABOUT_RETURN_TYPE = YES_ERROR;
				GCC_WARN_UNDECLARED_SELECTOR = YES;
				GCC_WARN_UNINITIALIZED_AUTOS = YES_AGGRESSIVE;
				GCC_WARN_UNUSED_FUNCTION = YES;
				GCC_WARN_UNUSED_VARIABLE = YES;
				IPHONEOS_DEPLOYMENT_TARGET = 9.0;
				MTL_ENABLE_DEBUG_INFO = NO;
				SDKROOT = iphoneos;
				SWIFT_COMPILATION_MODE = wholemodule;
				TARGETED_DEVICE_FAMILY = "1,2";
				VALIDATE_PRODUCT = YES;
				VERSIONING_SYSTEM = "apple-generic";
				VERSION_INFO_PREFIX = "";
			};
			name = Release;
		};
/* End XCBuildConfiguration section */

/* Begin XCConfigurationList section */
		1758699A1EF8899700F1452C /* Build configuration list for PBXProject "AWSAuthSDK" */ = {
			isa = XCConfigurationList;
			buildConfigurations = (
				175869A61EF8899700F1452C /* Debug */,
				175869A71EF8899700F1452C /* Release */,
			);
			defaultConfigurationIsVisible = 0;
			defaultConfigurationName = Release;
		};
/* End XCConfigurationList section */
	};
	rootObject = 175869971EF8899700F1452C /* Project object */;
}
